# This file is generated by running "yarn install" inside your project.
# Manual changes might be lost - proceed with caution!

__metadata:
  version: 8
  cacheKey: 10c0

"@vekexasia/jam-core@workspace:.":
  version: 0.0.0-use.local
  resolution: "@vekexasia/jam-core@workspace:."
  languageName: unknown
  linkType: soft
