{
  "name": "@vekexasia/jam-crypto",
  "version": "1.0.0",
  "lockfileVersion": 3,
  "requires": true,
  "packages": {
    "": {
      "name": "@vekexasia/jam-crypto",
      "version": "1.0.0",
      "license": "MIT",
      "dependencies": {
        "blake2b-wasm": "^2.4.0",
        "sodium-native": "^4.1.1",
        "tweetnacl": "^1.0.3"
      },
      "devDependencies": {
        "@types/blake2b-wasm": "^2",
        "@types/sodium-native": "^2.3.9"
      },
      "engines": {
        "node": ">= 22.0.0"
      }
    },
    "node_modules/@types/blake2b-wasm": {
      "version": "2.4.3",
      "dev": true,
      "license": "MIT"
    },
    "node_modules/@types/node": {
      "version": "22.5.0",
      "dev": true,
      "license": "MIT",
      "dependencies": {
        "undici-types": "~6.19.2"
      }
    },
    "node_modules/@types/sodium-native": {
      "version": "2.3.9",
      "dev": true,
      "license": "MIT",
      "dependencies": {
        "@types/node": "*"
      }
    },
    "node_modules/b4a": {
      "version": "1.6.6",
      "license": "Apache-2.0"
    },
    "node_modules/blake2b-wasm": {
      "version": "2.4.0",
      "license": "MIT",
      "dependencies": {
        "b4a": "^1.0.1",
        "nanoassert": "^2.0.0"
      }
    },
    "node_modules/nanoassert": {
      "version": "2.0.0",
      "license": "ISC"
    },
    "node_modules/node-gyp-build": {
      "version": "4.8.1",
      "license": "MIT",
      "bin": {
        "node-gyp-build": "bin.js",
        "node-gyp-build-optional": "optional.js",
        "node-gyp-build-test": "build-test.js"
      }
    },
    "node_modules/sodium-native": {
      "version": "4.1.1",
      "hasInstallScript": true,
      "license": "MIT",
      "dependencies": {
        "node-gyp-build": "^4.8.0"
      }
    },
    "node_modules/tweetnacl": {
      "version": "1.0.3",
      "license": "Unlicense"
    },
    "node_modules/undici-types": {
      "version": "6.19.8",
      "dev": true,
      "license": "MIT"
    }
  }
}
